{
  "name": "blog-serve",
  "version": "1.0.0",
  "lockfileVersion": 1,
  "requires": true,
  "dependencies": {
    "ansi-regex": {
      "version": "2.1.1",
      "resolved": "https://registry.npmmirror.com/ansi-regex/-/ansi-regex-2.1.1.tgz"
    },
    "ansi-styles": {
      "version": "2.2.1",
      "resolved": "https://registry.npmmirror.com/ansi-styles/-/ansi-styles-2.2.1.tgz"
    },
    "babel-code-frame": {
      "version": "6.26.0",
      "resolved": "https://registry.npmmirror.com/babel-code-frame/-/babel-code-frame-6.26.0.tgz",
      "requires": {
        "chalk": "^1.1.3",
        "esutils": "^2.0.2",
        "js-tokens": "^3.0.2"
      },
      "dependencies": {
        "chalk": {
          "version": "https://registry.npmmirror.com/chalk/-/chalk-1.1.3.tgz"
        },
        "esutils": {
          "version": "https://registry.npmmirror.com/esutils/-/esutils-2.0.3.tgz"
        },
        "js-tokens": {
          "version": "3.0.2",
          "resolved": "https://registry.npmjs.org/js-tokens/-/js-tokens-3.0.2.tgz",
          "integrity": "sha1-mGbfOVECEw449/mWvOtlRDIJwls="
        }
      }
    },
    "babel-core": {
      "version": "6.26.3",
      "resolved": "https://registry.npmjs.org/babel-core/-/babel-core-6.26.3.tgz",
      "integrity": "sha512-6jyFLuDmeidKmUEb3NM+/yawG0M2bDZ9Z1qbZP59cyHLz8kYGKYwpJP0UwUKKUiTRNvxfLesJnTedqczP7cTDA==",
      "requires": {
        "babel-code-frame": "^6.26.0",
        "babel-generator": "^6.26.0",
        "babel-helpers": "^6.24.1",
        "babel-messages": "^6.23.0",
        "babel-register": "^6.26.0",
        "babel-runtime": "^6.26.0",
        "babel-template": "^6.26.0",
        "babel-traverse": "^6.26.0",
        "babel-types": "^6.26.0",
        "babylon": "^6.18.0",
        "convert-source-map": "^1.5.1",
        "debug": "^2.6.9",
        "json5": "^0.5.1",
        "lodash": "^4.17.4",
        "minimatch": "^3.0.4",
        "path-is-absolute": "^1.0.1",
        "private": "^0.1.8",
        "slash": "^1.0.0",
        "source-map": "^0.5.7"
      },
      "dependencies": {
        "debug": {
          "version": "2.6.9",
          "resolved": "https://registry.npmjs.org/debug/-/debug-2.6.9.tgz",
          "integrity": "sha512-bC7ElrdJaJnPbAP+1EotYvqZsb3ecl5wi6Bfi6BJTUcNowp6cvspg0jXznRTKDjm/E7AdgFBVeAPVMNcKGsHMA==",
          "requires": {
            "ms": "2.0.0"
          }
        },
        "ms": {
          "version": "2.0.0",
          "resolved": "https://registry.npmjs.org/ms/-/ms-2.0.0.tgz",
          "integrity": "sha1-VgiurfwAvmwpAd9fmGF4jeDVl8g="
        }
      }
    },
    "babel-generator": {
      "version": "6.26.1",
      "resolved": "https://registry.npmmirror.com/babel-generator/-/babel-generator-6.26.1.tgz",
      "requires": {
        "babel-messages": "^6.23.0",
        "babel-runtime": "^6.26.0",
        "babel-types": "^6.26.0",
        "detect-indent": "^4.0.0",
        "jsesc": "^1.3.0",
        "lodash": "^4.17.4",
        "source-map": "^0.5.7",
        "trim-right": "^1.0.1"
      },
      "dependencies": {
        "babel-messages": {
          "version": "https://registry.npmmirror.com/babel-messages/-/babel-messages-6.23.0.tgz"
        },
        "babel-runtime": {
          "version": "https://registry.npmmirror.com/babel-runtime/-/babel-runtime-6.26.0.tgz",
          "dependencies": {
            "core-js": {
              "version": "https://registry.npmmirror.com/core-js/-/core-js-2.6.12.tgz"
            },
            "regenerator-runtime": {
              "version": "https://registry.npmmirror.com/regenerator-runtime/-/regenerator-runtime-0.11.1.tgz"
            }
          }
        },
        "babel-types": {
          "version": "https://registry.npmmirror.com/babel-types/-/babel-types-6.26.0.tgz"
        },
        "detect-indent": {
          "version": "https://registry.npmmirror.com/detect-indent/-/detect-indent-4.0.0.tgz"
        },
        "jsesc": {
          "version": "https://registry.npmmirror.com/jsesc/-/jsesc-1.3.0.tgz"
        },
        "lodash": {
          "version": "https://registry.npmmirror.com/lodash/-/lodash-4.17.21.tgz"
        },
        "source-map": {
          "version": "https://registry.npmmirror.com/source-map/-/source-map-0.5.7.tgz"
        },
        "trim-right": {
          "version": "https://registry.npmmirror.com/trim-right/-/trim-right-1.0.1.tgz"
        }
      }
    },
    "babel-helpers": {
      "version": "6.24.1",
      "resolved": "https://registry.npmmirror.com/babel-helpers/-/babel-helpers-6.24.1.tgz",
      "requires": {
        "babel-runtime": "^6.22.0",
        "babel-template": "^6.24.1"
      },
      "dependencies": {
        "babel-runtime": {
          "version": "https://registry.npmmirror.com/babel-runtime/-/babel-runtime-6.26.0.tgz",
          "dependencies": {
            "core-js": {
              "version": "https://registry.npmmirror.com/core-js/-/core-js-2.6.12.tgz"
            },
            "regenerator-runtime": {
              "version": "https://registry.npmmirror.com/regenerator-runtime/-/regenerator-runtime-0.11.1.tgz"
            }
          }
        },
        "babel-template": {
          "version": "https://registry.npmmirror.com/babel-template/-/babel-template-6.26.0.tgz"
        }
      }
    },
    "babel-messages": {
      "version": "6.23.0",
      "resolved": "https://registry.npmmirror.com/babel-messages/-/babel-messages-6.23.0.tgz",
      "requires": {
        "babel-runtime": "^6.22.0"
      },
      "dependencies": {
        "babel-runtime": {
          "version": "https://registry.npmmirror.com/babel-runtime/-/babel-runtime-6.26.0.tgz"
        }
      }
    },
    "babel-register": {
      "version": "6.26.0",
      "resolved": "https://registry.npmmirror.com/babel-register/-/babel-register-6.26.0.tgz",
      "requires": {
        "babel-core": "^6.26.0",
        "babel-runtime": "^6.26.0",
        "core-js": "^2.5.0",
        "home-or-tmp": "^2.0.0",
        "lodash": "^4.17.4",
        "mkdirp": "^0.5.1",
        "source-map-support": "^0.4.15"
      },
      "dependencies": {
        "babel-core": {
          "version": "https://registry.npmmirror.com/babel-core/-/babel-core-6.26.3.tgz",
          "dependencies": {
            "babel-code-frame": {
              "version": "https://registry.npmmirror.com/babel-code-frame/-/babel-code-frame-6.26.0.tgz",
              "dependencies": {
                "chalk": {
                  "version": "https://registry.npmmirror.com/chalk/-/chalk-1.1.3.tgz"
                },
                "esutils": {
                  "version": "https://registry.npmmirror.com/esutils/-/esutils-2.0.3.tgz"
                },
                "js-tokens": {
                  "version": "https://registry.npmmirror.com/js-tokens/-/js-tokens-3.0.2.tgz"
                }
              }
            },
            "babel-generator": {
              "version": "https://registry.npmmirror.com/babel-generator/-/babel-generator-6.26.1.tgz"
            },
            "babel-helpers": {
              "version": "https://registry.npmmirror.com/babel-helpers/-/babel-helpers-6.24.1.tgz"
            },
            "babel-messages": {
              "version": "https://registry.npmmirror.com/babel-messages/-/babel-messages-6.23.0.tgz",
              "dependencies": {
                "babel-runtime": {
                  "version": "https://registry.npmmirror.com/babel-runtime/-/babel-runtime-6.26.0.tgz"
                }
              }
            },
            "babel-register": {
              "version": "https://registry.npmmirror.com/babel-register/-/babel-register-6.26.0.tgz"
            },
            "babel-runtime": {
              "version": "https://registry.npmmirror.com/babel-runtime/-/babel-runtime-6.26.0.tgz",
              "dependencies": {
                "core-js": {
                  "version": "https://registry.npmmirror.com/core-js/-/core-js-2.6.12.tgz"
                },
                "regenerator-runtime": {
                  "version": "https://registry.npmmirror.com/regenerator-runtime/-/regenerator-runtime-0.11.1.tgz"
                }
              }
            },
            "babel-template": {
              "version": "https://registry.npmmirror.com/babel-template/-/babel-template-6.26.0.tgz",
              "dependencies": {
                "babel-runtime": {
                  "version": "https://registry.npmmirror.com/babel-runtime/-/babel-runtime-6.26.0.tgz",
                  "dependencies": {
                    "core-js": {
                      "version": "https://registry.npmmirror.com/core-js/-/core-js-2.6.12.tgz"
                    },
                    "regenerator-runtime": {
                      "version": "https://registry.npmmirror.com/regenerator-runtime/-/regenerator-runtime-0.11.1.tgz"
                    }
                  }
                },
                "babel-traverse": {
                  "version": "https://registry.npmmirror.com/babel-traverse/-/babel-traverse-6.26.0.tgz"
                },
                "babel-types": {
                  "version": "https://registry.npmmirror.com/babel-types/-/babel-types-6.26.0.tgz",
                  "dependencies": {
                    "babel-runtime": {
                      "version": "https://registry.npmmirror.com/babel-runtime/-/babel-runtime-6.26.0.tgz",
                      "dependencies": {
                        "core-js": {
                          "version": "https://registry.npmmirror.com/core-js/-/core-js-2.6.12.tgz"
                        },
                        "regenerator-runtime": {
                          "version": "https://registry.npmmirror.com/regenerator-runtime/-/regenerator-runtime-0.11.1.tgz"
                        }
                      }
                    },
                    "esutils": {
                      "version": "https://registry.npmmirror.com/esutils/-/esutils-2.0.3.tgz"
                    },
                    "lodash": {
                      "version": "https://registry.npmmirror.com/lodash/-/lodash-4.17.21.tgz"
                    },
                    "to-fast-properties": {
                      "version": "https://registry.npmmirror.com/to-fast-properties/-/to-fast-properties-1.0.3.tgz"
                    }
                  }
                },
                "babylon": {
                  "version": "https://registry.npmmirror.com/babylon/-/babylon-6.18.0.tgz"
                },
                "lodash": {
                  "version": "https://registry.npmmirror.com/lodash/-/lodash-4.17.21.tgz"
                }
              }
            },
            "babel-traverse": {
              "version": "https://registry.npmmirror.com/babel-traverse/-/babel-traverse-6.26.0.tgz",
              "dependencies": {
                "babel-code-frame": {
                  "version": "https://registry.npmmirror.com/babel-code-frame/-/babel-code-frame-6.26.0.tgz"
                },
                "babel-messages": {
                  "version": "https://registry.npmmirror.com/babel-messages/-/babel-messages-6.23.0.tgz",
                  "dependencies": {
                    "babel-runtime": {
                      "version": "https://registry.npmmirror.com/babel-runtime/-/babel-runtime-6.26.0.tgz"
                    }
                  }
                },
                "babel-runtime": {
                  "version": "https://registry.npmmirror.com/babel-runtime/-/babel-runtime-6.26.0.tgz",
                  "dependencies": {
                    "core-js": {
                      "version": "https://registry.npmmirror.com/core-js/-/core-js-2.6.12.tgz"
                    },
                    "regenerator-runtime": {
                      "version": "https://registry.npmmirror.com/regenerator-runtime/-/regenerator-runtime-0.11.1.tgz"
                    }
                  }
                },
                "babel-types": {
                  "version": "https://registry.npmmirror.com/babel-types/-/babel-types-6.26.0.tgz",
                  "dependencies": {
                    "babel-runtime": {
                      "version": "https://registry.npmmirror.com/babel-runtime/-/babel-runtime-6.26.0.tgz",
                      "dependencies": {}
                    },
                    "esutils": {
                      "version": "https://registry.npmmirror.com/esutils/-/esutils-2.0.3.tgz"
                    },
                    "lodash": {
                      "version": "https://registry.npmmirror.com/lodash/-/lodash-4.17.21.tgz"
                    },
                    "to-fast-properties": {
                      "version": "https://registry.npmmirror.com/to-fast-properties/-/to-fast-properties-1.0.3.tgz"
                    }
                  }
                },
                "babylon": {
                  "version": "https://registry.npmmirror.com/babylon/-/babylon-6.18.0.tgz"
                },
                "debug": {
                  "version": "https://registry.npmmirror.com/debug/-/debug-2.6.9.tgz",
                  "dependencies": {
                    "ms": {
                      "version": "https://registry.npmmirror.com/ms/-/ms-2.0.0.tgz"
                    }
                  }
                },
                "globals": {
                  "version": "https://registry.npmmirror.com/globals/-/globals-9.18.0.tgz"
                },
                "invariant": {
                  "version": "https://registry.npmmirror.com/invariant/-/invariant-2.2.4.tgz"
                },
                "lodash": {
                  "version": "https://registry.npmmirror.com/lodash/-/lodash-4.17.21.tgz"
                }
              }
            },
            "babel-types": {
              "version": "https://registry.npmmirror.com/babel-types/-/babel-types-6.26.0.tgz",
              "dependencies": {
                "babel-runtime": {
                  "version": "https://registry.npmmirror.com/babel-runtime/-/babel-runtime-6.26.0.tgz",
                  "dependencies": {}
                },
                "esutils": {
                  "version": "https://registry.npmmirror.com/esutils/-/esutils-2.0.3.tgz"
                },
                "lodash": {
                  "version": "https://registry.npmmirror.com/lodash/-/lodash-4.17.21.tgz"
                },
                "to-fast-properties": {
                  "version": "https://registry.npmmirror.com/to-fast-properties/-/to-fast-properties-1.0.3.tgz"
                }
              }
            },
            "babylon": {
              "version": "https://registry.npmmirror.com/babylon/-/babylon-6.18.0.tgz"
            },
            "convert-source-map": {
              "version": "https://registry.npmmirror.com/convert-source-map/-/convert-source-map-1.8.0.tgz"
            },
            "debug": {
              "version": "https://registry.npmmirror.com/debug/-/debug-2.6.9.tgz",
              "dependencies": {
                "ms": {
                  "version": "https://registry.npmmirror.com/ms/-/ms-2.0.0.tgz"
                }
              }
            },
            "json5": {
              "version": "https://registry.npmmirror.com/json5/-/json5-0.5.1.tgz"
            },
            "lodash": {
              "version": "https://registry.npmmirror.com/lodash/-/lodash-4.17.21.tgz"
            },
            "minimatch": {
              "version": "https://registry.npmmirror.com/minimatch/-/minimatch-3.1.2.tgz"
            },
            "path-is-absolute": {
              "version": "https://registry.npmmirror.com/path-is-absolute/-/path-is-absolute-1.0.1.tgz"
            },
            "private": {
              "version": "https://registry.npmmirror.com/private/-/private-0.1.8.tgz"
            },
            "slash": {
              "version": "https://registry.npmmirror.com/slash/-/slash-1.0.0.tgz"
            },
            "source-map": {
              "version": "https://registry.npmmirror.com/source-map/-/source-map-0.5.7.tgz"
            }
          }
        },
        "babel-runtime": {
          "version": "https://registry.npmmirror.com/babel-runtime/-/babel-runtime-6.26.0.tgz",
          "dependencies": {
            "core-js": {
              "version": "https://registry.npmmirror.com/core-js/-/core-js-2.6.12.tgz"
            },
            "regenerator-runtime": {
              "version": "https://registry.npmmirror.com/regenerator-runtime/-/regenerator-runtime-0.11.1.tgz"
            }
          }
        },
        "core-js": {
          "version": "https://registry.npmmirror.com/core-js/-/core-js-2.6.12.tgz"
        },
        "home-or-tmp": {
          "version": "https://registry.npmmirror.com/home-or-tmp/-/home-or-tmp-2.0.0.tgz"
        },
        "lodash": {
          "version": "https://registry.npmmirror.com/lodash/-/lodash-4.17.21.tgz"
        },
        "mkdirp": {
          "version": "https://registry.npmmirror.com/mkdirp/-/mkdirp-0.5.6.tgz"
        },
        "source-map-support": {
          "version": "https://registry.npmmirror.com/source-map-support/-/source-map-support-0.4.18.tgz"
        }
      }
    },
    "babel-runtime": {
      "version": "6.26.0",
      "resolved": "https://registry.npmmirror.com/babel-runtime/-/babel-runtime-6.26.0.tgz",
      "requires": {
        "core-js": "^2.4.0",
        "regenerator-runtime": "^0.11.0"
      },
      "dependencies": {
        "core-js": {
          "version": "https://registry.npmmirror.com/core-js/-/core-js-2.6.12.tgz"
        },
        "regenerator-runtime": {
          "version": "https://registry.npmmirror.com/regenerator-runtime/-/regenerator-runtime-0.11.1.tgz"
        }
      }
    },
    "babel-template": {
      "version": "6.26.0",
      "resolved": "https://registry.npmmirror.com/babel-template/-/babel-template-6.26.0.tgz",
      "requires": {
        "babel-runtime": "^6.26.0",
        "babel-traverse": "^6.26.0",
        "babel-types": "^6.26.0",
        "babylon": "^6.18.0",
        "lodash": "^4.17.4"
      },
      "dependencies": {
        "babel-runtime": {
          "version": "https://registry.npmmirror.com/babel-runtime/-/babel-runtime-6.26.0.tgz",
          "dependencies": {}
        },
        "babel-traverse": {
          "version": "https://registry.npmmirror.com/babel-traverse/-/babel-traverse-6.26.0.tgz"
        },
        "babel-types": {
          "version": "https://registry.npmmirror.com/babel-types/-/babel-types-6.26.0.tgz",
          "dependencies": {}
        },
        "babylon": {
          "version": "https://registry.npmmirror.com/babylon/-/babylon-6.18.0.tgz"
        },
        "lodash": {
          "version": "https://registry.npmmirror.com/lodash/-/lodash-4.17.21.tgz"
        }
      }
    },
    "babel-traverse": {
      "version": "6.26.0",
      "resolved": "https://registry.npmmirror.com/babel-traverse/-/babel-traverse-6.26.0.tgz",
      "requires": {
        "babel-code-frame": "^6.26.0",
        "babel-messages": "^6.23.0",
        "babel-runtime": "^6.26.0",
        "babel-types": "^6.26.0",
        "babylon": "^6.18.0",
        "debug": "^2.6.8",
        "globals": "^9.18.0",
        "invariant": "^2.2.2",
        "lodash": "^4.17.4"
      },
      "dependencies": {
        "babel-code-frame": {
          "version": "https://registry.npmmirror.com/babel-code-frame/-/babel-code-frame-6.26.0.tgz"
        },
        "babel-messages": {
          "version": "https://registry.npmmirror.com/babel-messages/-/babel-messages-6.23.0.tgz",
          "dependencies": {}
        },
        "babel-runtime": {
          "version": "https://registry.npmmirror.com/babel-runtime/-/babel-runtime-6.26.0.tgz",
          "dependencies": {}
        },
        "babel-types": {
          "version": "https://registry.npmmirror.com/babel-types/-/babel-types-6.26.0.tgz",
          "dependencies": {}
        },
        "babylon": {
          "version": "https://registry.npmmirror.com/babylon/-/babylon-6.18.0.tgz"
        },
        "debug": {
          "version": "2.6.9",
          "resolved": "https://registry.npmjs.org/debug/-/debug-2.6.9.tgz",
          "integrity": "sha512-bC7ElrdJaJnPbAP+1EotYvqZsb3ecl5wi6Bfi6BJTUcNowp6cvspg0jXznRTKDjm/E7AdgFBVeAPVMNcKGsHMA==",
          "requires": {
            "ms": "2.0.0"
          }
        },
        "globals": {
          "version": "https://registry.npmmirror.com/globals/-/globals-9.18.0.tgz"
        },
        "invariant": {
          "version": "https://registry.npmmirror.com/invariant/-/invariant-2.2.4.tgz"
        },
        "lodash": {
          "version": "https://registry.npmmirror.com/lodash/-/lodash-4.17.21.tgz"
        },
        "ms": {
          "version": "2.0.0",
          "resolved": "https://registry.npmjs.org/ms/-/ms-2.0.0.tgz",
          "integrity": "sha1-VgiurfwAvmwpAd9fmGF4jeDVl8g="
        }
      }
    },
    "babel-types": {
      "version": "6.26.0",
      "resolved": "https://registry.npmmirror.com/babel-types/-/babel-types-6.26.0.tgz",
      "requires": {
        "babel-runtime": "^6.26.0",
        "esutils": "^2.0.2",
        "lodash": "^4.17.4",
        "to-fast-properties": "^1.0.3"
      },
      "dependencies": {
        "babel-runtime": {
          "version": "https://registry.npmmirror.com/babel-runtime/-/babel-runtime-6.26.0.tgz",
          "dependencies": {}
        },
        "esutils": {
          "version": "https://registry.npmmirror.com/esutils/-/esutils-2.0.3.tgz"
        },
        "lodash": {
          "version": "https://registry.npmmirror.com/lodash/-/lodash-4.17.21.tgz"
        },
        "to-fast-properties": {
          "version": "https://registry.npmmirror.com/to-fast-properties/-/to-fast-properties-1.0.3.tgz"
        }
      }
    },
    "babylon": {
      "version": "6.18.0",
      "resolved": "https://registry.npmmirror.com/babylon/-/babylon-6.18.0.tgz"
    },
    "balanced-match": {
      "version": "1.0.2",
      "resolved": "https://registry.npmmirror.com/balanced-match/-/balanced-match-1.0.2.tgz"
    },
    "brace-expansion": {
      "version": "1.1.11",
      "resolved": "https://registry.npmmirror.com/brace-expansion/-/brace-expansion-1.1.11.tgz",
      "requires": {
        "balanced-match": "^1.0.0",
        "concat-map": "0.0.1"
      },
      "dependencies": {
        "balanced-match": {
          "version": "https://registry.npmmirror.com/balanced-match/-/balanced-match-1.0.2.tgz"
        },
        "concat-map": {
          "version": "https://registry.npmmirror.com/concat-map/-/concat-map-0.0.1.tgz"
        }
      }
    },
    "chalk": {
      "version": "1.1.3",
      "resolved": "https://registry.npmmirror.com/chalk/-/chalk-1.1.3.tgz",
      "requires": {
        "ansi-styles": "^2.2.1",
        "escape-string-regexp": "^1.0.2",
        "has-ansi": "^2.0.0",
        "strip-ansi": "^3.0.0",
        "supports-color": "^2.0.0"
      },
      "dependencies": {
        "ansi-styles": {
          "version": "https://registry.npmmirror.com/ansi-styles/-/ansi-styles-2.2.1.tgz"
        },
        "escape-string-regexp": {
          "version": "https://registry.npmmirror.com/escape-string-regexp/-/escape-string-regexp-1.0.5.tgz"
        },
        "has-ansi": {
          "version": "https://registry.npmmirror.com/has-ansi/-/has-ansi-2.0.0.tgz"
        },
        "strip-ansi": {
          "version": "https://registry.npmmirror.com/strip-ansi/-/strip-ansi-3.0.1.tgz"
        },
        "supports-color": {
          "version": "https://registry.npmmirror.com/supports-color/-/supports-color-2.0.0.tgz"
        }
      }
    },
    "concat-map": {
      "version": "0.0.1",
      "resolved": "https://registry.npmmirror.com/concat-map/-/concat-map-0.0.1.tgz"
    },
    "convert-source-map": {
      "version": "1.8.0",
      "resolved": "https://registry.npmmirror.com/convert-source-map/-/convert-source-map-1.8.0.tgz",
      "requires": {
        "safe-buffer": "~5.1.1"
      },
      "dependencies": {
        "safe-buffer": {
          "version": "5.1.2",
          "resolved": "https://registry.npmjs.org/safe-buffer/-/safe-buffer-5.1.2.tgz",
          "integrity": "sha512-Gd2UZBJDkXlY7GbJxfsE8/nvKkUEU1G38c1siN6QP6a9PT9MmHB8GnpscSmMJSoF8LOIrt8ud/wPtojys4G6+g=="
        }
      }
    },
    "core-js": {
      "version": "2.6.12",
      "resolved": "https://registry.npmmirror.com/core-js/-/core-js-2.6.12.tgz"
    },
    "detect-indent": {
      "version": "4.0.0",
      "resolved": "https://registry.npmmirror.com/detect-indent/-/detect-indent-4.0.0.tgz",
      "requires": {
        "repeating": "^2.0.0"
      },
      "dependencies": {
        "repeating": {
          "version": "https://registry.npmmirror.com/repeating/-/repeating-2.0.1.tgz"
        }
      }
    },
    "escape-string-regexp": {
      "version": "1.0.5",
      "resolved": "https://registry.npmmirror.com/escape-string-regexp/-/escape-string-regexp-1.0.5.tgz"
    },
    "esutils": {
      "version": "2.0.3",
      "resolved": "https://registry.npmmirror.com/esutils/-/esutils-2.0.3.tgz"
    },
    "globals": {
      "version": "9.18.0",
      "resolved": "https://registry.npmmirror.com/globals/-/globals-9.18.0.tgz"
    },
    "has-ansi": {
      "version": "2.0.0",
      "resolved": "https://registry.npmmirror.com/has-ansi/-/has-ansi-2.0.0.tgz",
      "requires": {
        "ansi-regex": "^2.0.0"
      },
      "dependencies": {
        "ansi-regex": {
          "version": "https://registry.npmmirror.com/ansi-regex/-/ansi-regex-2.1.1.tgz"
        }
      }
    },
    "home-or-tmp": {
      "version": "2.0.0",
      "resolved": "https://registry.npmmirror.com/home-or-tmp/-/home-or-tmp-2.0.0.tgz",
      "requires": {
        "os-homedir": "^1.0.0",
        "os-tmpdir": "^1.0.1"
      },
      "dependencies": {
        "os-homedir": {
          "version": "https://registry.npmmirror.com/os-homedir/-/os-homedir-1.0.2.tgz"
        },
        "os-tmpdir": {
          "version": "https://registry.npmmirror.com/os-tmpdir/-/os-tmpdir-1.0.2.tgz"
        }
      }
    },
    "invariant": {
      "version": "2.2.4",
      "resolved": "https://registry.npmmirror.com/invariant/-/invariant-2.2.4.tgz",
      "requires": {
        "loose-envify": "^1.0.0"
      },
      "dependencies": {
        "loose-envify": {
          "version": "https://registry.npmmirror.com/loose-envify/-/loose-envify-1.4.0.tgz"
        }
      }
    },
    "is-finite": {
      "version": "1.1.0",
      "resolved": "https://registry.npmmirror.com/is-finite/-/is-finite-1.1.0.tgz"
    },
    "js-tokens": {
      "version": "4.0.0",
      "resolved": "https://registry.npmmirror.com/js-tokens/-/js-tokens-4.0.0.tgz"
    },
    "jsesc": {
      "version": "1.3.0",
      "resolved": "https://registry.npmmirror.com/jsesc/-/jsesc-1.3.0.tgz"
    },
    "json5": {
      "version": "0.5.1",
      "resolved": "https://registry.npmmirror.com/json5/-/json5-0.5.1.tgz"
    },
    "lodash": {
      "version": "4.17.21",
      "resolved": "https://registry.npmmirror.com/lodash/-/lodash-4.17.21.tgz"
    },
    "loose-envify": {
      "version": "1.4.0",
      "resolved": "https://registry.npmmirror.com/loose-envify/-/loose-envify-1.4.0.tgz",
      "requires": {
        "js-tokens": "^3.0.0 || ^4.0.0"
      },
      "dependencies": {
        "js-tokens": {
          "version": "https://registry.npmmirror.com/js-tokens/-/js-tokens-4.0.0.tgz"
        }
      }
    },
    "minimatch": {
      "version": "3.1.2",
      "resolved": "https://registry.npmmirror.com/minimatch/-/minimatch-3.1.2.tgz",
      "requires": {
        "brace-expansion": "^1.1.7"
      },
      "dependencies": {
        "brace-expansion": {
          "version": "https://registry.npmmirror.com/brace-expansion/-/brace-expansion-1.1.11.tgz"
        }
      }
    },
    "minimist": {
      "version": "1.2.6",
      "resolved": "https://registry.npmmirror.com/minimist/-/minimist-1.2.6.tgz"
    },
    "mkdirp": {
      "version": "0.5.6",
      "resolved": "https://registry.npmmirror.com/mkdirp/-/mkdirp-0.5.6.tgz",
      "requires": {
        "minimist": "^1.2.6"
      },
      "dependencies": {
        "minimist": {
          "version": "https://registry.npmmirror.com/minimist/-/minimist-1.2.6.tgz"
        }
      }
    },
    "os-homedir": {
      "version": "1.0.2",
      "resolved": "https://registry.npmmirror.com/os-homedir/-/os-homedir-1.0.2.tgz"
    },
    "os-tmpdir": {
      "version": "1.0.2",
      "resolved": "https://registry.npmmirror.com/os-tmpdir/-/os-tmpdir-1.0.2.tgz"
    },
    "path-is-absolute": {
      "version": "1.0.1",
      "resolved": "https://registry.npmmirror.com/path-is-absolute/-/path-is-absolute-1.0.1.tgz"
    },
    "private": {
      "version": "0.1.8",
      "resolved": "https://registry.npmmirror.com/private/-/private-0.1.8.tgz"
    },
    "regenerator-runtime": {
      "version": "0.11.1",
      "resolved": "https://registry.npmmirror.com/regenerator-runtime/-/regenerator-runtime-0.11.1.tgz"
    },
    "repeating": {
      "version": "2.0.1",
      "resolved": "https://registry.npmmirror.com/repeating/-/repeating-2.0.1.tgz",
      "requires": {
        "is-finite": "^1.0.0"
      },
      "dependencies": {
        "is-finite": {
          "version": "https://registry.npmmirror.com/is-finite/-/is-finite-1.1.0.tgz"
        }
      }
    },
    "slash": {
      "version": "1.0.0",
      "resolved": "https://registry.npmmirror.com/slash/-/slash-1.0.0.tgz"
    },
    "source-map": {
      "version": "0.5.7",
      "resolved": "https://registry.npmmirror.com/source-map/-/source-map-0.5.7.tgz"
    },
    "source-map-support": {
      "version": "0.4.18",
      "resolved": "https://registry.npmmirror.com/source-map-support/-/source-map-support-0.4.18.tgz",
      "requires": {
        "source-map": "^0.5.6"
      },
      "dependencies": {
        "source-map": {
          "version": "https://registry.npmmirror.com/source-map/-/source-map-0.5.7.tgz"
        }
      }
    },
    "strip-ansi": {
      "version": "3.0.1",
      "resolved": "https://registry.npmmirror.com/strip-ansi/-/strip-ansi-3.0.1.tgz",
      "requires": {
        "ansi-regex": "^2.0.0"
      },
      "dependencies": {
        "ansi-regex": {
          "version": "https://registry.npmmirror.com/ansi-regex/-/ansi-regex-2.1.1.tgz"
        }
      }
    },
    "supports-color": {
      "version": "2.0.0",
      "resolved": "https://registry.npmmirror.com/supports-color/-/supports-color-2.0.0.tgz"
    },
    "to-fast-properties": {
      "version": "1.0.3",
      "resolved": "https://registry.npmmirror.com/to-fast-properties/-/to-fast-properties-1.0.3.tgz"
    },
    "trim-right": {
      "version": "1.0.1",
      "resolved": "https://registry.npmmirror.com/trim-right/-/trim-right-1.0.1.tgz"
    }
  }
}
